
Microsoft Visual Studio Solution File, Format Version 12.00
# Visual Studio Version 16
VisualStudioVersion = 16.0.31205.134
MinimumVisualStudioVersion = 10.0.40219.1
Project("{FAE04EC0-301F-11D3-BF4B-00C04F79EFBC}") = "ConsoleApp3", "ConsoleApp3.csproj", "{B000BD02-765D-4E8E-8DDF-F14C40D03ACD}"
EndProject
Global
	GlobalSection(SolutionConfigurationPlatforms) = preSolution
		Debug|Any CPU = Debug|Any CPU
		Release|Any CPU = Release|Any CPU
	EndGlobalSection
	GlobalSection(ProjectConfigurationPlatforms) = postSolution
		{B000BD02-765D-4E8E-8DDF-F14C40D03ACD}.Debug|Any CPU.ActiveCfg = Debug|Any CPU
		{B000BD02-765D-4E8E-8DDF-F14C40D03ACD}.Debug|Any CPU.Build.0 = Debug|Any CPU
		{B000BD02-765D-4E8E-8DDF-F14C40D03ACD}.Release|Any CPU.ActiveCfg = Release|Any CPU
		{B000BD02-765D-4E8E-8DDF-F14C40D03ACD}.Release|Any CPU.Build.0 = Release|Any CPU
	EndGlobalSection
	GlobalSection(SolutionProperties) = preSolution
		HideSolutionNode = FALSE
	EndGlobalSection
	GlobalSection(ExtensibilityGlobals) = postSolution
		SolutionGuid = {45537F72-1DE5-41F3-903F-2ACFE207E3C1}
	EndGlobalSection
EndGlobal
